
Microsoft Visual Studio Solution File, Format Version 12.00
Project("{FAE04EC0-301F-11D3-BF4B-00C04F79EFBC}") = "Delegates", "Delegates\Delegates.csproj", "{92E5C268-DFA9-4558-8DC5-47539F0949B1}"
EndProject
Project("{FAE04EC0-301F-11D3-BF4B-00C04F79EFBC}") = "Overloading", "Overloading\Overloading.csproj", "{79652403-0BB2-4077-9EB3-6476B9505AAE}"
EndProject
Project("{FAE04EC0-301F-11D3-BF4B-00C04F79EFBC}") = "Extensions", "Extensions\Extensions.csproj", "{FD1742C2-EF10-4646-A254-F2B53D459D70}"
EndProject
Project("{FAE04EC0-301F-11D3-BF4B-00C04F79EFBC}") = "AnonymousTypes", "AnonymousTypes\AnonymousTypes.csproj", "{F559F279-5F61-4806-8C50-2434FD2D9374}"
EndProject
Global
	GlobalSection(SolutionConfigurationPlatforms) = preSolution
		Debug|Any CPU = Debug|Any CPU
		Release|Any CPU = Release|Any CPU
	EndGlobalSection
	GlobalSection(ProjectConfigurationPlatforms) = postSolution
		{92E5C268-DFA9-4558-8DC5-47539F0949B1}.Debug|Any CPU.ActiveCfg = Debug|Any CPU
		{92E5C268-DFA9-4558-8DC5-47539F0949B1}.Debug|Any CPU.Build.0 = Debug|Any CPU
		{92E5C268-DFA9-4558-8DC5-47539F0949B1}.Release|Any CPU.ActiveCfg = Release|Any CPU
		{92E5C268-DFA9-4558-8DC5-47539F0949B1}.Release|Any CPU.Build.0 = Release|Any CPU
		{79652403-0BB2-4077-9EB3-6476B9505AAE}.Debug|Any CPU.ActiveCfg = Debug|Any CPU
		{79652403-0BB2-4077-9EB3-6476B9505AAE}.Debug|Any CPU.Build.0 = Debug|Any CPU
		{79652403-0BB2-4077-9EB3-6476B9505AAE}.Release|Any CPU.ActiveCfg = Release|Any CPU
		{79652403-0BB2-4077-9EB3-6476B9505AAE}.Release|Any CPU.Build.0 = Release|Any CPU
		{FD1742C2-EF10-4646-A254-F2B53D459D70}.Debug|Any CPU.ActiveCfg = Debug|Any CPU
		{FD1742C2-EF10-4646-A254-F2B53D459D70}.Debug|Any CPU.Build.0 = Debug|Any CPU
		{FD1742C2-EF10-4646-A254-F2B53D459D70}.Release|Any CPU.ActiveCfg = Release|Any CPU
		{FD1742C2-EF10-4646-A254-F2B53D459D70}.Release|Any CPU.Build.0 = Release|Any CPU
		{F559F279-5F61-4806-8C50-2434FD2D9374}.Debug|Any CPU.ActiveCfg = Debug|Any CPU
		{F559F279-5F61-4806-8C50-2434FD2D9374}.Debug|Any CPU.Build.0 = Debug|Any CPU
		{F559F279-5F61-4806-8C50-2434FD2D9374}.Release|Any CPU.ActiveCfg = Release|Any CPU
		{F559F279-5F61-4806-8C50-2434FD2D9374}.Release|Any CPU.Build.0 = Release|Any CPU
	EndGlobalSection
EndGlobal
